PODS:
  - SwiftVideoBackground (3.2.0)

DEPENDENCIES:
  - SwiftVideoBackground

SPEC REPOS:
  https://github.com/cocoapods/specs.git:
    - SwiftVideoBackground

SPEC CHECKSUMS:
  SwiftVideoBackground: 28c37a2cb1bb6162ef179cfd9bb2b08de967b632

PODFILE CHECKSUM: e5ac4830ba2ad7ac64eee0ce9f2bd8364a1758a8

COCOAPODS: 1.6.0.beta.1
