PODS:
  - Mapbox-iOS-SDK (4.8.0)
  - SwiftVideoBackground (3.2.0)

DEPENDENCIES:
  - Mapbox-iOS-SDK
  - SwiftVideoBackground

SPEC REPOS:
  https://github.com/cocoapods/specs.git:
    - Mapbox-iOS-SDK
    - SwiftVideoBackground

SPEC CHECKSUMS:
  Mapbox-iOS-SDK: 864bc732a20c183d87f04923295e988b504453d9
  SwiftVideoBackground: 28c37a2cb1bb6162ef179cfd9bb2b08de967b632

PODFILE CHECKSUM: 8d9aa1bdeaea47880f6a0ccffdd1b440f3d672bb

COCOAPODS: 1.6.0.beta.1
