// !$*UTF8*$!
{
	archiveVersion = 1;
	classes = {
	};
	objectVersion = 50;
	objects = {

/* Begin PBXBuildFile section */
		96917CC9222EE1F8003DFEE1 /* AppDelegate.swift in Sources */ = {isa = PBXBuildFile; fileRef = 96917CC8222EE1F8003DFEE1 /* AppDelegate.swift */; };
		96917CCE222EE1F8003DFEE1 /* Main.storyboard in Resources */ = {isa = PBXBuildFile; fileRef = 96917CCC222EE1F8003DFEE1 /* Main.storyboard */; };
		96917CD1222EE1F8003DFEE1 /* WanderlyNavigation.xcdatamodeld in Sources */ = {isa = PBXBuildFile; fileRef = 96917CCF222EE1F8003DFEE1 /* WanderlyNavigation.xcdatamodeld */; };
		96917CD3222EE1F9003DFEE1 /* Assets.xcassets in Resources */ = {isa = PBXBuildFile; fileRef = 96917CD2222EE1F9003DFEE1 /* Assets.xcassets */; };
		96917CD6222EE1F9003DFEE1 /* LaunchScreen.storyboard in Resources */ = {isa = PBXBuildFile; fileRef = 96917CD4222EE1F9003DFEE1 /* LaunchScreen.storyboard */; };
		96917CE1222EE1F9003DFEE1 /* WanderlyNavigationTests.swift in Sources */ = {isa = PBXBuildFile; fileRef = 96917CE0222EE1F9003DFEE1 /* WanderlyNavigationTests.swift */; };
		96917CEC222EE958003DFEE1 /* SplashViewController.swift in Sources */ = {isa = PBXBuildFile; fileRef = 96917CEB222EE958003DFEE1 /* SplashViewController.swift */; };
		96917CF0222EECF0003DFEE1 /* ApplicationCoordinator.swift in Sources */ = {isa = PBXBuildFile; fileRef = 96917CEF222EECF0003DFEE1 /* ApplicationCoordinator.swift */; };
		96917CF3222EED30003DFEE1 /* Coordinator.swift in Sources */ = {isa = PBXBuildFile; fileRef = 96917CF2222EED30003DFEE1 /* Coordinator.swift */; };
		96917CF5222EEE0E003DFEE1 /* AuthService.swift in Sources */ = {isa = PBXBuildFile; fileRef = 96917CF4222EEE0E003DFEE1 /* AuthService.swift */; };
		96917CF8222EEE7F003DFEE1 /* User.swift in Sources */ = {isa = PBXBuildFile; fileRef = 96917CF7222EEE7F003DFEE1 /* User.swift */; };
/* End PBXBuildFile section */

/* Begin PBXContainerItemProxy section */
		96917CDD222EE1F9003DFEE1 /* PBXContainerItemProxy */ = {
			isa = PBXContainerItemProxy;
			containerPortal = 96917CBD222EE1F8003DFEE1 /* Project object */;
			proxyType = 1;
			remoteGlobalIDString = 96917CC4222EE1F8003DFEE1;
			remoteInfo = WanderlyNavigation;
		};
/* End PBXContainerItemProxy section */

/* Begin PBXFileReference section */
		96917CC5222EE1F8003DFEE1 /* WanderlyNavigation.app */ = {isa = PBXFileReference; explicitFileType = wrapper.application; includeInIndex = 0; path = WanderlyNavigation.app; sourceTree = BUILT_PRODUCTS_DIR; };
		96917CC8222EE1F8003DFEE1 /* AppDelegate.swift */ = {isa = PBXFileReference; lastKnownFileType = sourcecode.swift; path = AppDelegate.swift; sourceTree = "<group>"; };
		96917CCD222EE1F8003DFEE1 /* Base */ = {isa = PBXFileReference; lastKnownFileType = file.storyboard; name = Base; path = Base.lproj/Main.storyboard; sourceTree = "<group>"; };
		96917CD0222EE1F8003DFEE1 /* WanderlyNavigation.xcdatamodel */ = {isa = PBXFileReference; lastKnownFileType = wrapper.xcdatamodel; path = WanderlyNavigation.xcdatamodel; sourceTree = "<group>"; };
		96917CD2222EE1F9003DFEE1 /* Assets.xcassets */ = {isa = PBXFileReference; lastKnownFileType = folder.assetcatalog; path = Assets.xcassets; sourceTree = "<group>"; };
		96917CD5222EE1F9003DFEE1 /* Base */ = {isa = PBXFileReference; lastKnownFileType = file.storyboard; name = Base; path = Base.lproj/LaunchScreen.storyboard; sourceTree = "<group>"; };
		96917CD7222EE1F9003DFEE1 /* Info.plist */ = {isa = PBXFileReference; lastKnownFileType = text.plist.xml; path = Info.plist; sourceTree = "<group>"; };
		96917CDC222EE1F9003DFEE1 /* WanderlyNavigationTests.xctest */ = {isa = PBXFileReference; explicitFileType = wrapper.cfbundle; includeInIndex = 0; path = WanderlyNavigationTests.xctest; sourceTree = BUILT_PRODUCTS_DIR; };
		96917CE0222EE1F9003DFEE1 /* WanderlyNavigationTests.swift */ = {isa = PBXFileReference; lastKnownFileType = sourcecode.swift; path = WanderlyNavigationTests.swift; sourceTree = "<group>"; };
		96917CE2222EE1F9003DFEE1 /* Info.plist */ = {isa = PBXFileReference; lastKnownFileType = text.plist.xml; path = Info.plist; sourceTree = "<group>"; };
		96917CEB222EE958003DFEE1 /* SplashViewController.swift */ = {isa = PBXFileReference; fileEncoding = 4; lastKnownFileType = sourcecode.swift; path = SplashViewController.swift; sourceTree = "<group>"; };
		96917CEF222EECF0003DFEE1 /* ApplicationCoordinator.swift */ = {isa = PBXFileReference; lastKnownFileType = sourcecode.swift; path = ApplicationCoordinator.swift; sourceTree = "<group>"; };
		96917CF2222EED30003DFEE1 /* Coordinator.swift */ = {isa = PBXFileReference; lastKnownFileType = sourcecode.swift; path = Coordinator.swift; sourceTree = "<group>"; };
		96917CF4222EEE0E003DFEE1 /* AuthService.swift */ = {isa = PBXFileReference; lastKnownFileType = sourcecode.swift; path = AuthService.swift; sourceTree = "<group>"; };
		96917CF7222EEE7F003DFEE1 /* User.swift */ = {isa = PBXFileReference; lastKnownFileType = sourcecode.swift; path = User.swift; sourceTree = "<group>"; };
/* End PBXFileReference section */

/* Begin PBXFrameworksBuildPhase section */
		96917CC2222EE1F8003DFEE1 /* Frameworks */ = {
			isa = PBXFrameworksBuildPhase;
			buildActionMask = 2147483647;
			files = (
			);
			runOnlyForDeploymentPostprocessing = 0;
		};
		96917CD9222EE1F9003DFEE1 /* Frameworks */ = {
			isa = PBXFrameworksBuildPhase;
			buildActionMask = 2147483647;
			files = (
			);
			runOnlyForDeploymentPostprocessing = 0;
		};
/* End PBXFrameworksBuildPhase section */

/* Begin PBXGroup section */
		96917CBC222EE1F8003DFEE1 = {
			isa = PBXGroup;
			children = (
				96917CC7222EE1F8003DFEE1 /* WanderlyNavigation */,
				96917CDF222EE1F9003DFEE1 /* WanderlyNavigationTests */,
				96917CC6222EE1F8003DFEE1 /* Products */,
			);
			sourceTree = "<group>";
		};
		96917CC6222EE1F8003DFEE1 /* Products */ = {
			isa = PBXGroup;
			children = (
				96917CC5222EE1F8003DFEE1 /* WanderlyNavigation.app */,
				96917CDC222EE1F9003DFEE1 /* WanderlyNavigationTests.xctest */,
			);
			name = Products;
			sourceTree = "<group>";
		};
		96917CC7222EE1F8003DFEE1 /* WanderlyNavigation */ = {
			isa = PBXGroup;
			children = (
				96917CC8222EE1F8003DFEE1 /* AppDelegate.swift */,
				96917CD2222EE1F9003DFEE1 /* Assets.xcassets */,
				96917CD7222EE1F9003DFEE1 /* Info.plist */,
				96917CCF222EE1F8003DFEE1 /* WanderlyNavigation.xcdatamodeld */,
				96917CF9222EEEB8003DFEE1 /* Models */,
				96917CFA222EEECE003DFEE1 /* Views */,
				96917CED222EE960003DFEE1 /* Controllers */,
				96917CF6222EEE36003DFEE1 /* Services */,
			);
			path = WanderlyNavigation;
			sourceTree = "<group>";
		};
		96917CDF222EE1F9003DFEE1 /* WanderlyNavigationTests */ = {
			isa = PBXGroup;
			children = (
				96917CE0222EE1F9003DFEE1 /* WanderlyNavigationTests.swift */,
				96917CE2222EE1F9003DFEE1 /* Info.plist */,
			);
			path = WanderlyNavigationTests;
			sourceTree = "<group>";
		};
		96917CED222EE960003DFEE1 /* Controllers */ = {
			isa = PBXGroup;
			children = (
				96917CEB222EE958003DFEE1 /* SplashViewController.swift */,
				96917CF1222EED1C003DFEE1 /* Coordination */,
			);
			path = Controllers;
			sourceTree = "<group>";
		};
		96917CEE222EECAB003DFEE1 /* Storyboards */ = {
			isa = PBXGroup;
			children = (
				96917CD4222EE1F9003DFEE1 /* LaunchScreen.storyboard */,
				96917CCC222EE1F8003DFEE1 /* Main.storyboard */,
			);
			path = Storyboards;
			sourceTree = "<group>";
		};
		96917CF1222EED1C003DFEE1 /* Coordination */ = {
			isa = PBXGroup;
			children = (
				96917CEF222EECF0003DFEE1 /* ApplicationCoordinator.swift */,
				96917CF2222EED30003DFEE1 /* Coordinator.swift */,
			);
			path = Coordination;
			sourceTree = "<group>";
		};
		96917CF6222EEE36003DFEE1 /* Services */ = {
			isa = PBXGroup;
			children = (
				96917CF4222EEE0E003DFEE1 /* AuthService.swift */,
			);
			path = Services;
			sourceTree = "<group>";
		};
		96917CF9222EEEB8003DFEE1 /* Models */ = {
			isa = PBXGroup;
			children = (
				96917CF7222EEE7F003DFEE1 /* User.swift */,
			);
			path = Models;
			sourceTree = "<group>";
		};
		96917CFA222EEECE003DFEE1 /* Views */ = {
			isa = PBXGroup;
			children = (
				96917CEE222EECAB003DFEE1 /* Storyboards */,
			);
			path = Views;
			sourceTree = "<group>";
		};
/* End PBXGroup section */

/* Begin PBXNativeTarget section */
		96917CC4222EE1F8003DFEE1 /* WanderlyNavigation */ = {
			isa = PBXNativeTarget;
			buildConfigurationList = 96917CE5222EE1F9003DFEE1 /* Build configuration list for PBXNativeTarget "WanderlyNavigation" */;
			buildPhases = (
				96917CC1222EE1F8003DFEE1 /* Sources */,
				96917CC2222EE1F8003DFEE1 /* Frameworks */,
				96917CC3222EE1F8003DFEE1 /* Resources */,
			);
			buildRules = (
			);
			dependencies = (
			);
			name = WanderlyNavigation;
			productName = WanderlyNavigation;
			productReference = 96917CC5222EE1F8003DFEE1 /* WanderlyNavigation.app */;
			productType = "com.apple.product-type.application";
		};
		96917CDB222EE1F9003DFEE1 /* WanderlyNavigationTests */ = {
			isa = PBXNativeTarget;
			buildConfigurationList = 96917CE8222EE1F9003DFEE1 /* Build configuration list for PBXNativeTarget "WanderlyNavigationTests" */;
			buildPhases = (
				96917CD8222EE1F9003DFEE1 /* Sources */,
				96917CD9222EE1F9003DFEE1 /* Frameworks */,
				96917CDA222EE1F9003DFEE1 /* Resources */,
			);
			buildRules = (
			);
			dependencies = (
				96917CDE222EE1F9003DFEE1 /* PBXTargetDependency */,
			);
			name = WanderlyNavigationTests;
			productName = WanderlyNavigationTests;
			productReference = 96917CDC222EE1F9003DFEE1 /* WanderlyNavigationTests.xctest */;
			productType = "com.apple.product-type.bundle.unit-test";
		};
/* End PBXNativeTarget section */

/* Begin PBXProject section */
		96917CBD222EE1F8003DFEE1 /* Project object */ = {
			isa = PBXProject;
			attributes = {
				LastSwiftUpdateCheck = 1010;
				LastUpgradeCheck = 1010;
				ORGANIZATIONNAME = "Lauren Nicole Roth";
				TargetAttributes = {
					96917CC4222EE1F8003DFEE1 = {
						CreatedOnToolsVersion = 10.1;
					};
					96917CDB222EE1F9003DFEE1 = {
						CreatedOnToolsVersion = 10.1;
						TestTargetID = 96917CC4222EE1F8003DFEE1;
					};
				};
			};
			buildConfigurationList = 96917CC0222EE1F8003DFEE1 /* Build configuration list for PBXProject "WanderlyNavigation" */;
			compatibilityVersion = "Xcode 9.3";
			developmentRegion = en;
			hasScannedForEncodings = 0;
			knownRegions = (
				en,
				Base,
			);
			mainGroup = 96917CBC222EE1F8003DFEE1;
			productRefGroup = 96917CC6222EE1F8003DFEE1 /* Products */;
			projectDirPath = "";
			projectRoot = "";
			targets = (
				96917CC4222EE1F8003DFEE1 /* WanderlyNavigation */,
				96917CDB222EE1F9003DFEE1 /* WanderlyNavigationTests */,
			);
		};
/* End PBXProject section */

/* Begin PBXResourcesBuildPhase section */
		96917CC3222EE1F8003DFEE1 /* Resources */ = {
			isa = PBXResourcesBuildPhase;
			buildActionMask = 2147483647;
			files = (
				96917CD6222EE1F9003DFEE1 /* LaunchScreen.storyboard in Resources */,
				96917CD3222EE1F9003DFEE1 /* Assets.xcassets in Resources */,
				96917CCE222EE1F8003DFEE1 /* Main.storyboard in Resources */,
			);
			runOnlyForDeploymentPostprocessing = 0;
		};
		96917CDA222EE1F9003DFEE1 /* Resources */ = {
			isa = PBXResourcesBuildPhase;
			buildActionMask = 2147483647;
			files = (
			);
			runOnlyForDeploymentPostprocessing = 0;
		};
/* End PBXResourcesBuildPhase section */

/* Begin PBXSourcesBuildPhase section */
		96917CC1222EE1F8003DFEE1 /* Sources */ = {
			isa = PBXSourcesBuildPhase;
			buildActionMask = 2147483647;
			files = (
				96917CEC222EE958003DFEE1 /* SplashViewController.swift in Sources */,
				96917CC9222EE1F8003DFEE1 /* AppDelegate.swift in Sources */,
				96917CF3222EED30003DFEE1 /* Coordinator.swift in Sources */,
				96917CF5222EEE0E003DFEE1 /* AuthService.swift in Sources */,
				96917CD1222EE1F8003DFEE1 /* WanderlyNavigation.xcdatamodeld in Sources */,
				96917CF0222EECF0003DFEE1 /* ApplicationCoordinator.swift in Sources */,
				96917CF8222EEE7F003DFEE1 /* User.swift in Sources */,
			);
			runOnlyForDeploymentPostprocessing = 0;
		};
		96917CD8222EE1F9003DFEE1 /* Sources */ = {
			isa = PBXSourcesBuildPhase;
			buildActionMask = 2147483647;
			files = (
				96917CE1222EE1F9003DFEE1 /* WanderlyNavigationTests.swift in Sources */,
			);
			runOnlyForDeploymentPostprocessing = 0;
		};
/* End PBXSourcesBuildPhase section */

/* Begin PBXTargetDependency section */
		96917CDE222EE1F9003DFEE1 /* PBXTargetDependency */ = {
			isa = PBXTargetDependency;
			target = 96917CC4222EE1F8003DFEE1 /* WanderlyNavigation */;
			targetProxy = 96917CDD222EE1F9003DFEE1 /* PBXContainerItemProxy */;
		};
/* End PBXTargetDependency section */

/* Begin PBXVariantGroup section */
		96917CCC222EE1F8003DFEE1 /* Main.storyboard */ = {
			isa = PBXVariantGroup;
			children = (
				96917CCD222EE1F8003DFEE1 /* Base */,
			);
			name = Main.storyboard;
			sourceTree = "<group>";
		};
		96917CD4222EE1F9003DFEE1 /* LaunchScreen.storyboard */ = {
			isa = PBXVariantGroup;
			children = (
				96917CD5222EE1F9003DFEE1 /* Base */,
			);
			name = LaunchScreen.storyboard;
			sourceTree = "<group>";
		};
/* End PBXVariantGroup section */

/* Begin XCBuildConfiguration section */
		96917CE3222EE1F9003DFEE1 /* Debug */ = {
			isa = XCBuildConfiguration;
			buildSettings = {
				ALWAYS_SEARCH_USER_PATHS = NO;
				CLANG_ANALYZER_NONNULL = YES;
				CLANG_ANALYZER_NUMBER_OBJECT_CONVERSION = YES_AGGRESSIVE;
				CLANG_CXX_LANGUAGE_STANDARD = "gnu++14";
				CLANG_CXX_LIBRARY = "libc++";
				CLANG_ENABLE_MODULES = YES;
				CLANG_ENABLE_OBJC_ARC = YES;
				CLANG_ENABLE_OBJC_WEAK = YES;
				CLANG_WARN_BLOCK_CAPTURE_AUTORELEASING = YES;
				CLANG_WARN_BOOL_CONVERSION = YES;
				CLANG_WARN_COMMA = YES;
				CLANG_WARN_CONSTANT_CONVERSION = YES;
				CLANG_WARN_DEPRECATED_OBJC_IMPLEMENTATIONS = YES;
				CLANG_WARN_DIRECT_OBJC_ISA_USAGE = YES_ERROR;
				CLANG_WARN_DOCUMENTATION_COMMENTS = YES;
				CLANG_WARN_EMPTY_BODY = YES;
				CLANG_WARN_ENUM_CONVERSION = YES;
				CLANG_WARN_INFINITE_RECURSION = YES;
				CLANG_WARN_INT_CONVERSION = YES;
				CLANG_WARN_NON_LITERAL_NULL_CONVERSION = YES;
				CLANG_WARN_OBJC_IMPLICIT_RETAIN_SELF = YES;
				CLANG_WARN_OBJC_LITERAL_CONVERSION = YES;
				CLANG_WARN_OBJC_ROOT_CLASS = YES_ERROR;
				CLANG_WARN_RANGE_LOOP_ANALYSIS = YES;
				CLANG_WARN_STRICT_PROTOTYPES = YES;
				CLANG_WARN_SUSPICIOUS_MOVE = YES;
				CLANG_WARN_UNGUARDED_AVAILABILITY = YES_AGGRESSIVE;
				CLANG_WARN_UNREACHABLE_CODE = YES;
				CLANG_WARN__DUPLICATE_METHOD_MATCH = YES;
				CODE_SIGN_IDENTITY = "iPhone Developer";
				COPY_PHASE_STRIP = NO;
				DEBUG_INFORMATION_FORMAT = dwarf;
				ENABLE_STRICT_OBJC_MSGSEND = YES;
				ENABLE_TESTABILITY = YES;
				GCC_C_LANGUAGE_STANDARD = gnu11;
				GCC_DYNAMIC_NO_PIC = NO;
				GCC_NO_COMMON_BLOCKS = YES;
				GCC_OPTIMIZATION_LEVEL = 0;
				GCC_PREPROCESSOR_DEFINITIONS = (
					"DEBUG=1",
					"$(inherited)",
				);
				GCC_WARN_64_TO_32_BIT_CONVERSION = YES;
				GCC_WARN_ABOUT_RETURN_TYPE = YES_ERROR;
				GCC_WARN_UNDECLARED_SELECTOR = YES;
				GCC_WARN_UNINITIALIZED_AUTOS = YES_AGGRESSIVE;
				GCC_WARN_UNUSED_FUNCTION = YES;
				GCC_WARN_UNUSED_VARIABLE = YES;
				IPHONEOS_DEPLOYMENT_TARGET = 12.1;
				MTL_ENABLE_DEBUG_INFO = INCLUDE_SOURCE;
				MTL_FAST_MATH = YES;
				ONLY_ACTIVE_ARCH = YES;
				SDKROOT = iphoneos;
				SWIFT_ACTIVE_COMPILATION_CONDITIONS = DEBUG;
				SWIFT_OPTIMIZATION_LEVEL = "-Onone";
			};
			name = Debug;
		};
		96917CE4222EE1F9003DFEE1 /* Release */ = {
			isa = XCBuildConfiguration;
			buildSettings = {
				ALWAYS_SEARCH_USER_PATHS = NO;
				CLANG_ANALYZER_NONNULL = YES;
				CLANG_ANALYZER_NUMBER_OBJECT_CONVERSION = YES_AGGRESSIVE;
				CLANG_CXX_LANGUAGE_STANDARD = "gnu++14";
				CLANG_CXX_LIBRARY = "libc++";
				CLANG_ENABLE_MODULES = YES;
				CLANG_ENABLE_OBJC_ARC = YES;
				CLANG_ENABLE_OBJC_WEAK = YES;
				CLANG_WARN_BLOCK_CAPTURE_AUTORELEASING = YES;
				CLANG_WARN_BOOL_CONVERSION = YES;
				CLANG_WARN_COMMA = YES;
				CLANG_WARN_CONSTANT_CONVERSION = YES;
				CLANG_WARN_DEPRECATED_OBJC_IMPLEMENTATIONS = YES;
				CLANG_WARN_DIRECT_OBJC_ISA_USAGE = YES_ERROR;
				CLANG_WARN_DOCUMENTATION_COMMENTS = YES;
				CLANG_WARN_EMPTY_BODY = YES;
				CLANG_WARN_ENUM_CONVERSION = YES;
				CLANG_WARN_INFINITE_RECURSION = YES;
				CLANG_WARN_INT_CONVERSION = YES;
				CLANG_WARN_NON_LITERAL_NULL_CONVERSION = YES;
				CLANG_WARN_OBJC_IMPLICIT_RETAIN_SELF = YES;
				CLANG_WARN_OBJC_LITERAL_CONVERSION = YES;
				CLANG_WARN_OBJC_ROOT_CLASS = YES_ERROR;
				CLANG_WARN_RANGE_LOOP_ANALYSIS = YES;
				CLANG_WARN_STRICT_PROTOTYPES = YES;
				CLANG_WARN_SUSPICIOUS_MOVE = YES;
				CLANG_WARN_UNGUARDED_AVAILABILITY = YES_AGGRESSIVE;
				CLANG_WARN_UNREACHABLE_CODE = YES;
				CLANG_WARN__DUPLICATE_METHOD_MATCH = YES;
				CODE_SIGN_IDENTITY = "iPhone Developer";
				COPY_PHASE_STRIP = NO;
				DEBUG_INFORMATION_FORMAT = "dwarf-with-dsym";
				ENABLE_NS_ASSERTIONS = NO;
				ENABLE_STRICT_OBJC_MSGSEND = YES;
				GCC_C_LANGUAGE_STANDARD = gnu11;
				GCC_NO_COMMON_BLOCKS = YES;
				GCC_WARN_64_TO_32_BIT_CONVERSION = YES;
				GCC_WARN_ABOUT_RETURN_TYPE = YES_ERROR;
				GCC_WARN_UNDECLARED_SELECTOR = YES;
				GCC_WARN_UNINITIALIZED_AUTOS = YES_AGGRESSIVE;
				GCC_WARN_UNUSED_FUNCTION = YES;
				GCC_WARN_UNUSED_VARIABLE = YES;
				IPHONEOS_DEPLOYMENT_TARGET = 12.1;
				MTL_ENABLE_DEBUG_INFO = NO;
				MTL_FAST_MATH = YES;
				SDKROOT = iphoneos;
				SWIFT_COMPILATION_MODE = wholemodule;
				SWIFT_OPTIMIZATION_LEVEL = "-O";
				VALIDATE_PRODUCT = YES;
			};
			name = Release;
		};
		96917CE6222EE1F9003DFEE1 /* Debug */ = {
			isa = XCBuildConfiguration;
			buildSettings = {
				ASSETCATALOG_COMPILER_APPICON_NAME = AppIcon;
				CODE_SIGN_STYLE = Automatic;
				DEVELOPMENT_TEAM = K8HU92W3ZM;
				INFOPLIST_FILE = WanderlyNavigation/Info.plist;
				LD_RUNPATH_SEARCH_PATHS = (
					"$(inherited)",
					"@executable_path/Frameworks",
				);
				PRODUCT_BUNDLE_IDENTIFIER = com.laurennicoleroth.Wanderly;
				PRODUCT_NAME = "$(TARGET_NAME)";
				SWIFT_VERSION = 4.2;
				TARGETED_DEVICE_FAMILY = "1,2";
			};
			name = Debug;
		};
		96917CE7222EE1F9003DFEE1 /* Release */ = {
			isa = XCBuildConfiguration;
			buildSettings = {
				ASSETCATALOG_COMPILER_APPICON_NAME = AppIcon;
				CODE_SIGN_STYLE = Automatic;
				DEVELOPMENT_TEAM = K8HU92W3ZM;
				INFOPLIST_FILE = WanderlyNavigation/Info.plist;
				LD_RUNPATH_SEARCH_PATHS = (
					"$(inherited)",
					"@executable_path/Frameworks",
				);
				PRODUCT_BUNDLE_IDENTIFIER = com.laurennicoleroth.Wanderly;
				PRODUCT_NAME = "$(TARGET_NAME)";
				SWIFT_VERSION = 4.2;
				TARGETED_DEVICE_FAMILY = "1,2";
			};
			name = Release;
		};
		96917CE9222EE1F9003DFEE1 /* Debug */ = {
			isa = XCBuildConfiguration;
			buildSettings = {
				ALWAYS_EMBED_SWIFT_STANDARD_LIBRARIES = YES;
				BUNDLE_LOADER = "$(TEST_HOST)";
				CODE_SIGN_STYLE = Automatic;
				DEVELOPMENT_TEAM = K8HU92W3ZM;
				INFOPLIST_FILE = WanderlyNavigationTests/Info.plist;
				LD_RUNPATH_SEARCH_PATHS = (
					"$(inherited)",
					"@executable_path/Frameworks",
					"@loader_path/Frameworks",
				);
				PRODUCT_BUNDLE_IDENTIFIER = com.laurennicoleroth.WanderlyNavigationTests;
				PRODUCT_NAME = "$(TARGET_NAME)";
				SWIFT_VERSION = 4.2;
				TARGETED_DEVICE_FAMILY = "1,2";
				TEST_HOST = "$(BUILT_PRODUCTS_DIR)/WanderlyNavigation.app/WanderlyNavigation";
			};
			name = Debug;
		};
		96917CEA222EE1F9003DFEE1 /* Release */ = {
			isa = XCBuildConfiguration;
			buildSettings = {
				ALWAYS_EMBED_SWIFT_STANDARD_LIBRARIES = YES;
				BUNDLE_LOADER = "$(TEST_HOST)";
				CODE_SIGN_STYLE = Automatic;
				DEVELOPMENT_TEAM = K8HU92W3ZM;
				INFOPLIST_FILE = WanderlyNavigationTests/Info.plist;
				LD_RUNPATH_SEARCH_PATHS = (
					"$(inherited)",
					"@executable_path/Frameworks",
					"@loader_path/Frameworks",
				);
				PRODUCT_BUNDLE_IDENTIFIER = com.laurennicoleroth.WanderlyNavigationTests;
				PRODUCT_NAME = "$(TARGET_NAME)";
				SWIFT_VERSION = 4.2;
				TARGETED_DEVICE_FAMILY = "1,2";
				TEST_HOST = "$(BUILT_PRODUCTS_DIR)/WanderlyNavigation.app/WanderlyNavigation";
			};
			name = Release;
		};
/* End XCBuildConfiguration section */

/* Begin XCConfigurationList section */
		96917CC0222EE1F8003DFEE1 /* Build configuration list for PBXProject "WanderlyNavigation" */ = {
			isa = XCConfigurationList;
			buildConfigurations = (
				96917CE3222EE1F9003DFEE1 /* Debug */,
				96917CE4222EE1F9003DFEE1 /* Release */,
			);
			defaultConfigurationIsVisible = 0;
			defaultConfigurationName = Release;
		};
		96917CE5222EE1F9003DFEE1 /* Build configuration list for PBXNativeTarget "WanderlyNavigation" */ = {
			isa = XCConfigurationList;
			buildConfigurations = (
				96917CE6222EE1F9003DFEE1 /* Debug */,
				96917CE7222EE1F9003DFEE1 /* Release */,
			);
			defaultConfigurationIsVisible = 0;
			defaultConfigurationName = Release;
		};
		96917CE8222EE1F9003DFEE1 /* Build configuration list for PBXNativeTarget "WanderlyNavigationTests" */ = {
			isa = XCConfigurationList;
			buildConfigurations = (
				96917CE9222EE1F9003DFEE1 /* Debug */,
				96917CEA222EE1F9003DFEE1 /* Release */,
			);
			defaultConfigurationIsVisible = 0;
			defaultConfigurationName = Release;
		};
/* End XCConfigurationList section */

/* Begin XCVersionGroup section */
		96917CCF222EE1F8003DFEE1 /* WanderlyNavigation.xcdatamodeld */ = {
			isa = XCVersionGroup;
			children = (
				96917CD0222EE1F8003DFEE1 /* WanderlyNavigation.xcdatamodel */,
			);
			currentVersion = 96917CD0222EE1F8003DFEE1 /* WanderlyNavigation.xcdatamodel */;
			path = WanderlyNavigation.xcdatamodeld;
			sourceTree = "<group>";
			versionGroupType = wrapper.xcdatamodel;
		};
/* End XCVersionGroup section */
	};
	rootObject = 96917CBD222EE1F8003DFEE1 /* Project object */;
}
